
Microsoft Visual Studio Solution File, Format Version 12.00
# Visual Studio Version 17
VisualStudioVersion = 17.0.31903.59
MinimumVisualStudioVersion = 10.0.40219.1
Project("{9A19103F-16F7-4668-BE54-9A1E7A4F7556}") = "Day1.1", "AdventOfCode2021\Day1.1\Day1.1.csproj", "{C95E9CDB-94FB-4FC7-958C-EBE7D8F0A19A}"
EndProject
Project("{9A19103F-16F7-4668-BE54-9A1E7A4F7556}") = "Day1.2", "AdventOfCode2021\Day1.2\Day1.2.csproj", "{C0B060FE-5FBC-4277-BC61-C39229A48899}"
EndProject
Project("{9A19103F-16F7-4668-BE54-9A1E7A4F7556}") = "Day2.1", "AdventOfCode2021\Day2.1\Day2.1.csproj", "{53EA66F7-5C2A-4934-9C33-219E59AB9F88}"
EndProject
Project("{9A19103F-16F7-4668-BE54-9A1E7A4F7556}") = "Day2.2", "AdventOfCode2021\Day2.2\Day2.2.csproj", "{A38EDF60-2DCF-40F6-A7CA-DAEF81C98724}"
EndProject
Project("{9A19103F-16F7-4668-BE54-9A1E7A4F7556}") = "Day3.1", "AdventOfCode2021\Day3.1\Day3.1.csproj", "{B25CB3F7-42AF-4B89-943B-6EB0D95A4914}"
EndProject
Project("{9A19103F-16F7-4668-BE54-9A1E7A4F7556}") = "Day3.2", "AdventOfCode2021\Day3.2\Day3.2.csproj", "{F4EF88DF-1A77-42BC-92F1-EB6537B160BE}"
EndProject
Project("{9A19103F-16F7-4668-BE54-9A1E7A4F7556}") = "Day4.1", "AdventOfCode2021\Day4.1\Day4.1.csproj", "{C3180A46-C9D7-430D-BD33-4CC8F7E08A26}"
EndProject
Project("{9A19103F-16F7-4668-BE54-9A1E7A4F7556}") = "Day4.2", "AdventOfCode2021\Day4.2\Day4.2.csproj", "{97EF9A38-DADC-47C1-B19B-334B2BDF07D4}"
EndProject
Project("{FAE04EC0-301F-11D3-BF4B-00C04F79EFBC}") = "Day5.1", "AdventOfCode2021\Day5.1\Day5.1.csproj", "{2CCABDE9-D447-4F70-A707-1763E3C424CD}"
EndProject
Project("{FAE04EC0-301F-11D3-BF4B-00C04F79EFBC}") = "Day5.2", "AdventOfCode2021\Day5.2\Day5.2.csproj", "{B77DB45A-14DB-4C4F-8D88-BA78873FAA55}"
EndProject
Global
	GlobalSection(SolutionConfigurationPlatforms) = preSolution
		Debug|Any CPU = Debug|Any CPU
		Release|Any CPU = Release|Any CPU
	EndGlobalSection
	GlobalSection(ProjectConfigurationPlatforms) = postSolution
		{C95E9CDB-94FB-4FC7-958C-EBE7D8F0A19A}.Debug|Any CPU.ActiveCfg = Debug|Any CPU
		{C95E9CDB-94FB-4FC7-958C-EBE7D8F0A19A}.Debug|Any CPU.Build.0 = Debug|Any CPU
		{C95E9CDB-94FB-4FC7-958C-EBE7D8F0A19A}.Release|Any CPU.ActiveCfg = Release|Any CPU
		{C95E9CDB-94FB-4FC7-958C-EBE7D8F0A19A}.Release|Any CPU.Build.0 = Release|Any CPU
		{C0B060FE-5FBC-4277-BC61-C39229A48899}.Debug|Any CPU.ActiveCfg = Debug|Any CPU
		{C0B060FE-5FBC-4277-BC61-C39229A48899}.Debug|Any CPU.Build.0 = Debug|Any CPU
		{C0B060FE-5FBC-4277-BC61-C39229A48899}.Release|Any CPU.ActiveCfg = Release|Any CPU
		{C0B060FE-5FBC-4277-BC61-C39229A48899}.Release|Any CPU.Build.0 = Release|Any CPU
		{53EA66F7-5C2A-4934-9C33-219E59AB9F88}.Debug|Any CPU.ActiveCfg = Debug|Any CPU
		{53EA66F7-5C2A-4934-9C33-219E59AB9F88}.Debug|Any CPU.Build.0 = Debug|Any CPU
		{53EA66F7-5C2A-4934-9C33-219E59AB9F88}.Release|Any CPU.ActiveCfg = Release|Any CPU
		{53EA66F7-5C2A-4934-9C33-219E59AB9F88}.Release|Any CPU.Build.0 = Release|Any CPU
		{A38EDF60-2DCF-40F6-A7CA-DAEF81C98724}.Debug|Any CPU.ActiveCfg = Debug|Any CPU
		{A38EDF60-2DCF-40F6-A7CA-DAEF81C98724}.Debug|Any CPU.Build.0 = Debug|Any CPU
		{A38EDF60-2DCF-40F6-A7CA-DAEF81C98724}.Release|Any CPU.ActiveCfg = Release|Any CPU
		{A38EDF60-2DCF-40F6-A7CA-DAEF81C98724}.Release|Any CPU.Build.0 = Release|Any CPU
		{B25CB3F7-42AF-4B89-943B-6EB0D95A4914}.Debug|Any CPU.ActiveCfg = Debug|Any CPU
		{B25CB3F7-42AF-4B89-943B-6EB0D95A4914}.Debug|Any CPU.Build.0 = Debug|Any CPU
		{B25CB3F7-42AF-4B89-943B-6EB0D95A4914}.Release|Any CPU.ActiveCfg = Release|Any CPU
		{B25CB3F7-42AF-4B89-943B-6EB0D95A4914}.Release|Any CPU.Build.0 = Release|Any CPU
		{F4EF88DF-1A77-42BC-92F1-EB6537B160BE}.Debug|Any CPU.ActiveCfg = Debug|Any CPU
		{F4EF88DF-1A77-42BC-92F1-EB6537B160BE}.Debug|Any CPU.Build.0 = Debug|Any CPU
		{F4EF88DF-1A77-42BC-92F1-EB6537B160BE}.Release|Any CPU.ActiveCfg = Release|Any CPU
		{F4EF88DF-1A77-42BC-92F1-EB6537B160BE}.Release|Any CPU.Build.0 = Release|Any CPU
		{C3180A46-C9D7-430D-BD33-4CC8F7E08A26}.Debug|Any CPU.ActiveCfg = Debug|Any CPU
		{C3180A46-C9D7-430D-BD33-4CC8F7E08A26}.Debug|Any CPU.Build.0 = Debug|Any CPU
		{C3180A46-C9D7-430D-BD33-4CC8F7E08A26}.Release|Any CPU.ActiveCfg = Release|Any CPU
		{C3180A46-C9D7-430D-BD33-4CC8F7E08A26}.Release|Any CPU.Build.0 = Release|Any CPU
		{97EF9A38-DADC-47C1-B19B-334B2BDF07D4}.Debug|Any CPU.ActiveCfg = Debug|Any CPU
		{97EF9A38-DADC-47C1-B19B-334B2BDF07D4}.Debug|Any CPU.Build.0 = Debug|Any CPU
		{97EF9A38-DADC-47C1-B19B-334B2BDF07D4}.Release|Any CPU.ActiveCfg = Release|Any CPU
		{97EF9A38-DADC-47C1-B19B-334B2BDF07D4}.Release|Any CPU.Build.0 = Release|Any CPU
		{2CCABDE9-D447-4F70-A707-1763E3C424CD}.Debug|Any CPU.ActiveCfg = Debug|Any CPU
		{2CCABDE9-D447-4F70-A707-1763E3C424CD}.Debug|Any CPU.Build.0 = Debug|Any CPU
		{2CCABDE9-D447-4F70-A707-1763E3C424CD}.Release|Any CPU.ActiveCfg = Release|Any CPU
		{2CCABDE9-D447-4F70-A707-1763E3C424CD}.Release|Any CPU.Build.0 = Release|Any CPU
		{B77DB45A-14DB-4C4F-8D88-BA78873FAA55}.Debug|Any CPU.ActiveCfg = Debug|Any CPU
		{B77DB45A-14DB-4C4F-8D88-BA78873FAA55}.Debug|Any CPU.Build.0 = Debug|Any CPU
		{B77DB45A-14DB-4C4F-8D88-BA78873FAA55}.Release|Any CPU.ActiveCfg = Release|Any CPU
		{B77DB45A-14DB-4C4F-8D88-BA78873FAA55}.Release|Any CPU.Build.0 = Release|Any CPU
	EndGlobalSection
	GlobalSection(SolutionProperties) = preSolution
		HideSolutionNode = FALSE
	EndGlobalSection
	GlobalSection(ExtensibilityGlobals) = postSolution
		SolutionGuid = {DD5DEE19-F1CA-4B95-B67B-84D955BA7CE6}
	EndGlobalSection
EndGlobal
