
Microsoft Visual Studio Solution File, Format Version 12.00
# Visual Studio Version 17
VisualStudioVersion = 17.0.31903.59
MinimumVisualStudioVersion = 10.0.40219.1
Project("{9A19103F-16F7-4668-BE54-9A1E7A4F7556}") = "Day1.1", "AdventOfCode2021\Day1.1\Day1.1.csproj", "{C95E9CDB-94FB-4FC7-958C-EBE7D8F0A19A}"
EndProject
Project("{FAE04EC0-301F-11D3-BF4B-00C04F79EFBC}") = "Day1.2", "AdventOfCode2021\Day1.2\Day1.2.csproj", "{C0B060FE-5FBC-4277-BC61-C39229A48899}"
EndProject
Global
	GlobalSection(SolutionConfigurationPlatforms) = preSolution
		Debug|Any CPU = Debug|Any CPU
		Release|Any CPU = Release|Any CPU
	EndGlobalSection
	GlobalSection(ProjectConfigurationPlatforms) = postSolution
		{C95E9CDB-94FB-4FC7-958C-EBE7D8F0A19A}.Debug|Any CPU.ActiveCfg = Debug|Any CPU
		{C95E9CDB-94FB-4FC7-958C-EBE7D8F0A19A}.Debug|Any CPU.Build.0 = Debug|Any CPU
		{C95E9CDB-94FB-4FC7-958C-EBE7D8F0A19A}.Release|Any CPU.ActiveCfg = Release|Any CPU
		{C95E9CDB-94FB-4FC7-958C-EBE7D8F0A19A}.Release|Any CPU.Build.0 = Release|Any CPU
		{C0B060FE-5FBC-4277-BC61-C39229A48899}.Debug|Any CPU.ActiveCfg = Debug|Any CPU
		{C0B060FE-5FBC-4277-BC61-C39229A48899}.Debug|Any CPU.Build.0 = Debug|Any CPU
		{C0B060FE-5FBC-4277-BC61-C39229A48899}.Release|Any CPU.ActiveCfg = Release|Any CPU
		{C0B060FE-5FBC-4277-BC61-C39229A48899}.Release|Any CPU.Build.0 = Release|Any CPU
	EndGlobalSection
	GlobalSection(SolutionProperties) = preSolution
		HideSolutionNode = FALSE
	EndGlobalSection
	GlobalSection(ExtensibilityGlobals) = postSolution
		SolutionGuid = {DD5DEE19-F1CA-4B95-B67B-84D955BA7CE6}
	EndGlobalSection
EndGlobal
